
Microsoft Visual Studio Solution File, Format Version 12.00
# Visual Studio Version 16
VisualStudioVersion = 16.0.31613.86
MinimumVisualStudioVersion = 10.0.40219.1
Project("{FAE04EC0-301F-11D3-BF4B-00C04F79EFBC}") = "bayipanel", "bayipanel.csproj", "{9F8468CB-CCAE-40A1-B920-9BD3077CE67A}"
EndProject
Global
	GlobalSection(SolutionConfigurationPlatforms) = preSolution
		Debug|Any CPU = Debug|Any CPU
		Release|Any CPU = Release|Any CPU
	EndGlobalSection
	GlobalSection(ProjectConfigurationPlatforms) = postSolution
		{9F8468CB-CCAE-40A1-B920-9BD3077CE67A}.Debug|Any CPU.ActiveCfg = Debug|Any CPU
		{9F8468CB-CCAE-40A1-B920-9BD3077CE67A}.Debug|Any CPU.Build.0 = Debug|Any CPU
		{9F8468CB-CCAE-40A1-B920-9BD3077CE67A}.Release|Any CPU.ActiveCfg = Release|Any CPU
		{9F8468CB-CCAE-40A1-B920-9BD3077CE67A}.Release|Any CPU.Build.0 = Release|Any CPU
	EndGlobalSection
	GlobalSection(SolutionProperties) = preSolution
		HideSolutionNode = FALSE
	EndGlobalSection
	GlobalSection(ExtensibilityGlobals) = postSolution
		SolutionGuid = {A7B60EBD-43C8-4131-A6AC-7FBBEDAD19E7}
	EndGlobalSection
EndGlobal
